<?xml version="1.0" encoding="utf-8"?>
<Project ToolsVersion="4.0" xmlns="http://schemas.microsoft.com/developer/msbuild/2003">
  <ItemGroup>
    <Filter Include="Source Files">
      <UniqueIdentifier>{4FC737F1-C7A5-4376-A066-2A32D752A2FF}</UniqueIdentifier>
      <Extensions>cpp;c;cc;cxx;def;odl;idl;hpj;bat;asm;asmx</Extensions>
    </Filter>
    <Filter Include="Header Files">
      <UniqueIdentifier>{93995380-89BD-4b04-88EB-625FBE52EBFB}</UniqueIdentifier>
      <Extensions>h;hh;hpp;hxx;hm;inl;inc;xsd</Extensions>
    </Filter>
    <Filter Include="Resource Files">
      <UniqueIdentifier>{67DA6AB6-F800-4c08-8B7A-83BB121AAD01}</UniqueIdentifier>
      <Extensions>rc;ico;cur;bmp;dlg;rc2;rct;bin;rgs;gif;jpg;jpeg;jpe;resx;tiff;tif;png;wav;mfcribbon-ms</Extensions>
    </Filter>
    <Filter Include="Header Files\SDLControls">
      <UniqueIdentifier>{1d82e740-31b7-47f5-9215-112b75f495b9}</UniqueIdentifier>
    </Filter>
    <Filter Include="Header Files\Views">
      <UniqueIdentifier>{436a3bf5-1ebc-400b-9f61-34fb2695735c}</UniqueIdentifier>
    </Filter>
    <Filter Include="Source Files\SDLControls">
      <UniqueIdentifier>{b979c06d-7a24-4cc4-b213-2a2e2a754b77}</UniqueIdentifier>
    </Filter>
    <Filter Include="Source Files\Views">
      <UniqueIdentifier>{9965327f-e1fe-4d6a-a6af-7f0ceddc8835}</UniqueIdentifier>
    </Filter>
  </ItemGroup>
  <ItemGroup>
    <ClCompile Include="main.cpp">
      <Filter>Source Files</Filter>
    </ClCompile>
    <ClCompile Include="Game.cpp">
      <Filter>Source Files</Filter>
    </ClCompile>
    <ClCompile Include="Nation.cpp">
      <Filter>Source Files</Filter>
    </ClCompile>
    <ClCompile Include="SDL_TextRenderer.cpp">
      <Filter>Source Files</Filter>
    </ClCompile>
    <ClCompile Include="SDLButton.cpp">
      <Filter>Source Files\SDLControls</Filter>
    </ClCompile>
    <ClCompile Include="SDLStaticText.cpp">
      <Filter>Source Files\SDLControls</Filter>
    </ClCompile>
    <ClCompile Include="InboxView.cpp">
      <Filter>Source Files\Views</Filter>
    </ClCompile>
    <ClCompile Include="MainMenuView.cpp">
      <Filter>Source Files\Views</Filter>
    </ClCompile>
    <ClCompile Include="NationSelectionView.cpp">
      <Filter>Source Files\Views</Filter>
    </ClCompile>
    <ClCompile Include="GameUserInterface.cpp">
      <Filter>Source Files</Filter>
    </ClCompile>
    <ClCompile Include="GameModel.cpp">
      <Filter>Source Files</Filter>
    </ClCompile>
    <ClCompile Include="SDLControl.cpp">
      <Filter>Source Files\SDLControls</Filter>
    </ClCompile>
    <ClCompile Include="Action.cpp">
      <Filter>Source Files</Filter>
    </ClCompile>
    <ClCompile Include="MainToolbarView.cpp">
      <Filter>Source Files\Views</Filter>
    </ClCompile>
    <ClCompile Include="NationFactory.cpp">
      <Filter>Source Files</Filter>
    </ClCompile>
    <ClCompile Include="Message.cpp">
      <Filter>Source Files</Filter>
    </ClCompile>
    <ClCompile Include="ColorPreferences.cpp">
      <Filter>Source Files\SDLControls</Filter>
    </ClCompile>
    <ClCompile Include="TradeResource.cpp">
      <Filter>Source Files</Filter>
    </ClCompile>
    <ClCompile Include="TradeView.cpp">
      <Filter>Source Files\Views</Filter>
    </ClCompile>
    <ClCompile Include="FinancesView.cpp">
      <Filter>Source Files\Views</Filter>
    </ClCompile>
    <ClCompile Include="TradeDeal.cpp">
      <Filter>Source Files</Filter>
    </ClCompile>
    <ClCompile Include="RelationsView.cpp">
      <Filter>Source Files\Views</Filter>
    </ClCompile>
    <ClCompile Include="TradeOffersView.cpp">
      <Filter>Source Files\Views</Filter>
    </ClCompile>
    <ClCompile Include="TradeDealsView.cpp">
      <Filter>Source Files\Views</Filter>
    </ClCompile>
    <ClCompile Include="SDLCompositePane.cpp">
      <Filter>Source Files\SDLControls</Filter>
    </ClCompile>
    <ClCompile Include="SDLProgressBar.cpp">
      <Filter>Source Files\SDLControls</Filter>
    </ClCompile>
    <ClCompile Include="SDLButtonGroup.cpp">
      <Filter>Source Files\SDLControls</Filter>
    </ClCompile>
  </ItemGroup>
  <ItemGroup>
    <ClInclude Include="Game.h">
      <Filter>Header Files</Filter>
    </ClInclude>
    <ClInclude Include="Nation.h">
      <Filter>Header Files</Filter>
    </ClInclude>
    <ClInclude Include="SDL_TextRenderer.h">
      <Filter>Header Files</Filter>
    </ClInclude>
    <ClInclude Include="Action.h">
      <Filter>Header Files</Filter>
    </ClInclude>
    <ClInclude Include="SDLButton.h">
      <Filter>Header Files\SDLControls</Filter>
    </ClInclude>
    <ClInclude Include="SDLControl.h">
      <Filter>Header Files\SDLControls</Filter>
    </ClInclude>
    <ClInclude Include="SDLMenu.h">
      <Filter>Header Files\SDLControls</Filter>
    </ClInclude>
    <ClInclude Include="MainMenuView.h">
      <Filter>Header Files\Views</Filter>
    </ClInclude>
    <ClInclude Include="NationSelectionView.h">
      <Filter>Header Files\Views</Filter>
    </ClInclude>
    <ClInclude Include="SDLStaticText.h">
      <Filter>Header Files\SDLControls</Filter>
    </ClInclude>
    <ClInclude Include="ControlResources.h">
      <Filter>Header Files\Views</Filter>
    </ClInclude>
    <ClInclude Include="GameModel.h">
      <Filter>Header Files</Filter>
    </ClInclude>
    <ClInclude Include="MainToolbarView.h">
      <Filter>Header Files\Views</Filter>
    </ClInclude>
    <ClInclude Include="GameUserInterface.h">
      <Filter>Header Files</Filter>
    </ClInclude>
    <ClInclude Include="InboxView.h">
      <Filter>Header Files\Views</Filter>
    </ClInclude>
    <ClInclude Include="NationFactory.h">
      <Filter>Header Files</Filter>
    </ClInclude>
    <ClInclude Include="json.hpp">
      <Filter>Header Files</Filter>
    </ClInclude>
    <ClInclude Include="Message.h">
      <Filter>Header Files</Filter>
    </ClInclude>
    <ClInclude Include="SDLListBox.h">
      <Filter>Header Files\SDLControls</Filter>
    </ClInclude>
    <ClInclude Include="ListItem.h">
      <Filter>Header Files\SDLControls</Filter>
    </ClInclude>
    <ClInclude Include="ColorPreferences.h">
      <Filter>Header Files\SDLControls</Filter>
    </ClInclude>
    <ClInclude Include="SDLDropDownMenu.h">
      <Filter>Header Files\SDLControls</Filter>
    </ClInclude>
    <ClInclude Include="FinancesView.h">
      <Filter>Header Files\Views</Filter>
    </ClInclude>
    <ClInclude Include="TradeResource.h">
      <Filter>Header Files</Filter>
    </ClInclude>
    <ClInclude Include="TradeView.h">
      <Filter>Header Files\Views</Filter>
    </ClInclude>
    <ClInclude Include="TradeDeal.h">
      <Filter>Header Files</Filter>
    </ClInclude>
    <ClInclude Include="SDLStackGrid.h">
      <Filter>Header Files\SDLControls</Filter>
    </ClInclude>
    <ClInclude Include="StackGridItem.h">
      <Filter>Header Files\SDLControls</Filter>
    </ClInclude>
    <ClInclude Include="RelationsView.h">
      <Filter>Header Files\Views</Filter>
    </ClInclude>
    <ClInclude Include="TradeOffersView.h">
      <Filter>Header Files\Views</Filter>
    </ClInclude>
    <ClInclude Include="TradeDealsView.h">
      <Filter>Header Files\Views</Filter>
    </ClInclude>
    <ClInclude Include="SDLCompositePane.h">
      <Filter>Header Files\SDLControls</Filter>
    </ClInclude>
    <ClInclude Include="SDLButtonGroup.h">
      <Filter>Header Files\SDLControls</Filter>
    </ClInclude>
    <ClInclude Include="SDLProgressBar.h">
      <Filter>Header Files\SDLControls</Filter>
    </ClInclude>
  </ItemGroup>
</Project>